
Microsoft Visual Studio Solution File, Format Version 12.00
# Visual Studio Version 16
VisualStudioVersion = 16.0.30907.101
MinimumVisualStudioVersion = 15.0.26124.0
Project("{9A19103F-16F7-4668-BE54-9A1E7A4F7556}") = "PowerApps", "src\Api\PowerApps.csproj", "{5E6A4D17-218D-47C4-89E2-E4CD0703BF9E}"
EndProject
Global
	GlobalSection(SolutionConfigurationPlatforms) = preSolution
		Debug|Any CPU = Debug|Any CPU
		Debug|x64 = Debug|x64
		Debug|x86 = Debug|x86
		Release|Any CPU = Release|Any CPU
		Release|x64 = Release|x64
		Release|x86 = Release|x86
	EndGlobalSection
	GlobalSection(ProjectConfigurationPlatforms) = postSolution
		{5E6A4D17-218D-47C4-89E2-E4CD0703BF9E}.Debug|Any CPU.ActiveCfg = Debug|Any CPU
		{5E6A4D17-218D-47C4-89E2-E4CD0703BF9E}.Debug|Any CPU.Build.0 = Debug|Any CPU
		{5E6A4D17-218D-47C4-89E2-E4CD0703BF9E}.Debug|x64.ActiveCfg = Debug|Any CPU
		{5E6A4D17-218D-47C4-89E2-E4CD0703BF9E}.Debug|x64.Build.0 = Debug|Any CPU
		{5E6A4D17-218D-47C4-89E2-E4CD0703BF9E}.Debug|x86.ActiveCfg = Debug|Any CPU
		{5E6A4D17-218D-47C4-89E2-E4CD0703BF9E}.Debug|x86.Build.0 = Debug|Any CPU
		{5E6A4D17-218D-47C4-89E2-E4CD0703BF9E}.Release|Any CPU.ActiveCfg = Release|Any CPU
		{5E6A4D17-218D-47C4-89E2-E4CD0703BF9E}.Release|Any CPU.Build.0 = Release|Any CPU
		{5E6A4D17-218D-47C4-89E2-E4CD0703BF9E}.Release|x64.ActiveCfg = Release|Any CPU
		{5E6A4D17-218D-47C4-89E2-E4CD0703BF9E}.Release|x64.Build.0 = Release|Any CPU
		{5E6A4D17-218D-47C4-89E2-E4CD0703BF9E}.Release|x86.ActiveCfg = Release|Any CPU
		{5E6A4D17-218D-47C4-89E2-E4CD0703BF9E}.Release|x86.Build.0 = Release|Any CPU
	EndGlobalSection
	GlobalSection(SolutionProperties) = preSolution
		HideSolutionNode = FALSE
	EndGlobalSection
	GlobalSection(ExtensibilityGlobals) = postSolution
		SolutionGuid = {E5AAB29D-5B4E-4ABE-86C4-0D47F0352BC5}
	EndGlobalSection
EndGlobal
